// !$*UTF8*$!
{
	archiveVersion = 1;
	classes = {
	};
	objectVersion = 46;
	objects = {

/* Begin PBXBuildFile section */
		20AF8AD21BB22F4A0046D2B7 /* main.m in Sources */ = {isa = PBXBuildFile; fileRef = 20AF8AD11BB22F4A0046D2B7 /* main.m */; };
		20AF8AD51BB22F4A0046D2B7 /* AppDelegate.m in Sources */ = {isa = PBXBuildFile; fileRef = 20AF8AD41BB22F4A0046D2B7 /* AppDelegate.m */; };
		20AF8AD81BB22F4A0046D2B7 /* ViewController.m in Sources */ = {isa = PBXBuildFile; fileRef = 20AF8AD71BB22F4A0046D2B7 /* ViewController.m */; };
		20AF8ADB1BB22F4A0046D2B7 /* Main.storyboard in Resources */ = {isa = PBXBuildFile; fileRef = 20AF8AD91BB22F4A0046D2B7 /* Main.storyboard */; };
		20AF8ADD1BB22F4A0046D2B7 /* Images.xcassets in Resources */ = {isa = PBXBuildFile; fileRef = 20AF8ADC1BB22F4A0046D2B7 /* Images.xcassets */; };
		20AF8AE01BB22F4A0046D2B7 /* LaunchScreen.xib in Resources */ = {isa = PBXBuildFile; fileRef = 20AF8ADE1BB22F4A0046D2B7 /* LaunchScreen.xib */; };
		20AF8AEC1BB22F4A0046D2B7 /* FSImageScaledTests.m in Sources */ = {isa = PBXBuildFile; fileRef = 20AF8AEB1BB22F4A0046D2B7 /* FSImageScaledTests.m */; };
		20AF8AF81BB22F8D0046D2B7 /* UIImage+Scaled.m in Sources */ = {isa = PBXBuildFile; fileRef = 20AF8AF71BB22F8D0046D2B7 /* UIImage+Scaled.m */; };
		20AF8AFA1BB231130046D2B7 /* 1.jpg in Resources */ = {isa = PBXBuildFile; fileRef = 20AF8AF91BB231130046D2B7 /* 1.jpg */; };
/* End PBXBuildFile section */

/* Begin PBXContainerItemProxy section */
		20AF8AE61BB22F4A0046D2B7 /* PBXContainerItemProxy */ = {
			isa = PBXContainerItemProxy;
			containerPortal = 20AF8AC41BB22F4A0046D2B7 /* Project object */;
			proxyType = 1;
			remoteGlobalIDString = 20AF8ACB1BB22F4A0046D2B7;
			remoteInfo = FSImageScaled;
		};
/* End PBXContainerItemProxy section */

/* Begin PBXFileReference section */
		20AF8ACC1BB22F4A0046D2B7 /* FSImageScaled.app */ = {isa = PBXFileReference; explicitFileType = wrapper.application; includeInIndex = 0; path = FSImageScaled.app; sourceTree = BUILT_PRODUCTS_DIR; };
		20AF8AD01BB22F4A0046D2B7 /* Info.plist */ = {isa = PBXFileReference; lastKnownFileType = text.plist.xml; path = Info.plist; sourceTree = "<group>"; };
		20AF8AD11BB22F4A0046D2B7 /* main.m */ = {isa = PBXFileReference; lastKnownFileType = sourcecode.c.objc; path = main.m; sourceTree = "<group>"; };
		20AF8AD31BB22F4A0046D2B7 /* AppDelegate.h */ = {isa = PBXFileReference; lastKnownFileType = sourcecode.c.h; path = AppDelegate.h; sourceTree = "<group>"; };
		20AF8AD41BB22F4A0046D2B7 /* AppDelegate.m */ = {isa = PBXFileReference; lastKnownFileType = sourcecode.c.objc; path = AppDelegate.m; sourceTree = "<group>"; };
		20AF8AD61BB22F4A0046D2B7 /* ViewController.h */ = {isa = PBXFileReference; lastKnownFileType = sourcecode.c.h; path = ViewController.h; sourceTree = "<group>"; };
		20AF8AD71BB22F4A0046D2B7 /* ViewController.m */ = {isa = PBXFileReference; lastKnownFileType = sourcecode.c.objc; path = ViewController.m; sourceTree = "<group>"; };
		20AF8ADA1BB22F4A0046D2B7 /* Base */ = {isa = PBXFileReference; lastKnownFileType = file.storyboard; name = Base; path = Base.lproj/Main.storyboard; sourceTree = "<group>"; };
		20AF8ADC1BB22F4A0046D2B7 /* Images.xcassets */ = {isa = PBXFileReference; lastKnownFileType = folder.assetcatalog; path = Images.xcassets; sourceTree = "<group>"; };
		20AF8ADF1BB22F4A0046D2B7 /* Base */ = {isa = PBXFileReference; lastKnownFileType = file.xib; name = Base; path = Base.lproj/LaunchScreen.xib; sourceTree = "<group>"; };
		20AF8AE51BB22F4A0046D2B7 /* FSImageScaledTests.xctest */ = {isa = PBXFileReference; explicitFileType = wrapper.cfbundle; includeInIndex = 0; path = FSImageScaledTests.xctest; sourceTree = BUILT_PRODUCTS_DIR; };
		20AF8AEA1BB22F4A0046D2B7 /* Info.plist */ = {isa = PBXFileReference; lastKnownFileType = text.plist.xml; path = Info.plist; sourceTree = "<group>"; };
		20AF8AEB1BB22F4A0046D2B7 /* FSImageScaledTests.m */ = {isa = PBXFileReference; lastKnownFileType = sourcecode.c.objc; path = FSImageScaledTests.m; sourceTree = "<group>"; };
		20AF8AF61BB22F8D0046D2B7 /* UIImage+Scaled.h */ = {isa = PBXFileReference; fileEncoding = 4; lastKnownFileType = sourcecode.c.h; path = "UIImage+Scaled.h"; sourceTree = "<group>"; };
		20AF8AF71BB22F8D0046D2B7 /* UIImage+Scaled.m */ = {isa = PBXFileReference; fileEncoding = 4; lastKnownFileType = sourcecode.c.objc; path = "UIImage+Scaled.m"; sourceTree = "<group>"; };
		20AF8AF91BB231130046D2B7 /* 1.jpg */ = {isa = PBXFileReference; lastKnownFileType = image.jpeg; path = 1.jpg; sourceTree = "<group>"; };
/* End PBXFileReference section */

/* Begin PBXFrameworksBuildPhase section */
		20AF8AC91BB22F4A0046D2B7 /* Frameworks */ = {
			isa = PBXFrameworksBuildPhase;
			buildActionMask = 2147483647;
			files = (
			);
			runOnlyForDeploymentPostprocessing = 0;
		};
		20AF8AE21BB22F4A0046D2B7 /* Frameworks */ = {
			isa = PBXFrameworksBuildPhase;
			buildActionMask = 2147483647;
			files = (
			);
			runOnlyForDeploymentPostprocessing = 0;
		};
/* End PBXFrameworksBuildPhase section */

/* Begin PBXGroup section */
		20AF8AC31BB22F4A0046D2B7 = {
			isa = PBXGroup;
			children = (
				20AF8ACE1BB22F4A0046D2B7 /* FSImageScaled */,
				20AF8AE81BB22F4A0046D2B7 /* FSImageScaledTests */,
				20AF8ACD1BB22F4A0046D2B7 /* Products */,
			);
			sourceTree = "<group>";
		};
		20AF8ACD1BB22F4A0046D2B7 /* Products */ = {
			isa = PBXGroup;
			children = (
				20AF8ACC1BB22F4A0046D2B7 /* FSImageScaled.app */,
				20AF8AE51BB22F4A0046D2B7 /* FSImageScaledTests.xctest */,
			);
			name = Products;
			sourceTree = "<group>";
		};
		20AF8ACE1BB22F4A0046D2B7 /* FSImageScaled */ = {
			isa = PBXGroup;
			children = (
				20AF8AF51BB22F8D0046D2B7 /* FSImageScaled */,
				20AF8AD31BB22F4A0046D2B7 /* AppDelegate.h */,
				20AF8AD41BB22F4A0046D2B7 /* AppDelegate.m */,
				20AF8AD61BB22F4A0046D2B7 /* ViewController.h */,
				20AF8AD71BB22F4A0046D2B7 /* ViewController.m */,
				20AF8AD91BB22F4A0046D2B7 /* Main.storyboard */,
				20AF8AF91BB231130046D2B7 /* 1.jpg */,
				20AF8ADC1BB22F4A0046D2B7 /* Images.xcassets */,
				20AF8ADE1BB22F4A0046D2B7 /* LaunchScreen.xib */,
				20AF8ACF1BB22F4A0046D2B7 /* Supporting Files */,
			);
			path = FSImageScaled;
			sourceTree = "<group>";
		};
		20AF8ACF1BB22F4A0046D2B7 /* Supporting Files */ = {
			isa = PBXGroup;
			children = (
				20AF8AD01BB22F4A0046D2B7 /* Info.plist */,
				20AF8AD11BB22F4A0046D2B7 /* main.m */,
			);
			name = "Supporting Files";
			sourceTree = "<group>";
		};
		20AF8AE81BB22F4A0046D2B7 /* FSImageScaledTests */ = {
			isa = PBXGroup;
			children = (
				20AF8AEB1BB22F4A0046D2B7 /* FSImageScaledTests.m */,
				20AF8AE91BB22F4A0046D2B7 /* Supporting Files */,
			);
			path = FSImageScaledTests;
			sourceTree = "<group>";
		};
		20AF8AE91BB22F4A0046D2B7 /* Supporting Files */ = {
			isa = PBXGroup;
			children = (
				20AF8AEA1BB22F4A0046D2B7 /* Info.plist */,
			);
			name = "Supporting Files";
			sourceTree = "<group>";
		};
		20AF8AF51BB22F8D0046D2B7 /* FSImageScaled */ = {
			isa = PBXGroup;
			children = (
				20AF8AF61BB22F8D0046D2B7 /* UIImage+Scaled.h */,
				20AF8AF71BB22F8D0046D2B7 /* UIImage+Scaled.m */,
			);
			path = FSImageScaled;
			sourceTree = "<group>";
		};
/* End PBXGroup section */

/* Begin PBXNativeTarget section */
		20AF8ACB1BB22F4A0046D2B7 /* FSImageScaled */ = {
			isa = PBXNativeTarget;
			buildConfigurationList = 20AF8AEF1BB22F4A0046D2B7 /* Build configuration list for PBXNativeTarget "FSImageScaled" */;
			buildPhases = (
				20AF8AC81BB22F4A0046D2B7 /* Sources */,
				20AF8AC91BB22F4A0046D2B7 /* Frameworks */,
				20AF8ACA1BB22F4A0046D2B7 /* Resources */,
			);
			buildRules = (
			);
			dependencies = (
			);
			name = FSImageScaled;
			productName = FSImageScaled;
			productReference = 20AF8ACC1BB22F4A0046D2B7 /* FSImageScaled.app */;
			productType = "com.apple.product-type.application";
		};
		20AF8AE41BB22F4A0046D2B7 /* FSImageScaledTests */ = {
			isa = PBXNativeTarget;
			buildConfigurationList = 20AF8AF21BB22F4A0046D2B7 /* Build configuration list for PBXNativeTarget "FSImageScaledTests" */;
			buildPhases = (
				20AF8AE11BB22F4A0046D2B7 /* Sources */,
				20AF8AE21BB22F4A0046D2B7 /* Frameworks */,
				20AF8AE31BB22F4A0046D2B7 /* Resources */,
			);
			buildRules = (
			);
			dependencies = (
				20AF8AE71BB22F4A0046D2B7 /* PBXTargetDependency */,
			);
			name = FSImageScaledTests;
			productName = FSImageScaledTests;
			productReference = 20AF8AE51BB22F4A0046D2B7 /* FSImageScaledTests.xctest */;
			productType = "com.apple.product-type.bundle.unit-test";
		};
/* End PBXNativeTarget section */

/* Begin PBXProject section */
		20AF8AC41BB22F4A0046D2B7 /* Project object */ = {
			isa = PBXProject;
			attributes = {
				LastUpgradeCheck = 0640;
				ORGANIZATIONNAME = "王方帅";
				TargetAttributes = {
					20AF8ACB1BB22F4A0046D2B7 = {
						CreatedOnToolsVersion = 6.4;
					};
					20AF8AE41BB22F4A0046D2B7 = {
						CreatedOnToolsVersion = 6.4;
						TestTargetID = 20AF8ACB1BB22F4A0046D2B7;
					};
				};
			};
			buildConfigurationList = 20AF8AC71BB22F4A0046D2B7 /* Build configuration list for PBXProject "FSImageScaled" */;
			compatibilityVersion = "Xcode 3.2";
			developmentRegion = English;
			hasScannedForEncodings = 0;
			knownRegions = (
				en,
				Base,
			);
			mainGroup = 20AF8AC31BB22F4A0046D2B7;
			productRefGroup = 20AF8ACD1BB22F4A0046D2B7 /* Products */;
			projectDirPath = "";
			projectRoot = "";
			targets = (
				20AF8ACB1BB22F4A0046D2B7 /* FSImageScaled */,
				20AF8AE41BB22F4A0046D2B7 /* FSImageScaledTests */,
			);
		};
/* End PBXProject section */

/* Begin PBXResourcesBuildPhase section */
		20AF8ACA1BB22F4A0046D2B7 /* Resources */ = {
			isa = PBXResourcesBuildPhase;
			buildActionMask = 2147483647;
			files = (
				20AF8ADB1BB22F4A0046D2B7 /* Main.storyboard in Resources */,
				20AF8AE01BB22F4A0046D2B7 /* LaunchScreen.xib in Resources */,
				20AF8ADD1BB22F4A0046D2B7 /* Images.xcassets in Resources */,
				20AF8AFA1BB231130046D2B7 /* 1.jpg in Resources */,
			);
			runOnlyForDeploymentPostprocessing = 0;
		};
		20AF8AE31BB22F4A0046D2B7 /* Resources */ = {
			isa = PBXResourcesBuildPhase;
			buildActionMask = 2147483647;
			files = (
			);
			runOnlyForDeploymentPostprocessing = 0;
		};
/* End PBXResourcesBuildPhase section */

/* Begin PBXSourcesBuildPhase section */
		20AF8AC81BB22F4A0046D2B7 /* Sources */ = {
			isa = PBXSourcesBuildPhase;
			buildActionMask = 2147483647;
			files = (
				20AF8AD81BB22F4A0046D2B7 /* ViewController.m in Sources */,
				20AF8AF81BB22F8D0046D2B7 /* UIImage+Scaled.m in Sources */,
				20AF8AD51BB22F4A0046D2B7 /* AppDelegate.m in Sources */,
				20AF8AD21BB22F4A0046D2B7 /* main.m in Sources */,
			);
			runOnlyForDeploymentPostprocessing = 0;
		};
		20AF8AE11BB22F4A0046D2B7 /* Sources */ = {
			isa = PBXSourcesBuildPhase;
			buildActionMask = 2147483647;
			files = (
				20AF8AEC1BB22F4A0046D2B7 /* FSImageScaledTests.m in Sources */,
			);
			runOnlyForDeploymentPostprocessing = 0;
		};
/* End PBXSourcesBuildPhase section */

/* Begin PBXTargetDependency section */
		20AF8AE71BB22F4A0046D2B7 /* PBXTargetDependency */ = {
			isa = PBXTargetDependency;
			target = 20AF8ACB1BB22F4A0046D2B7 /* FSImageScaled */;
			targetProxy = 20AF8AE61BB22F4A0046D2B7 /* PBXContainerItemProxy */;
		};
/* End PBXTargetDependency section */

/* Begin PBXVariantGroup section */
		20AF8AD91BB22F4A0046D2B7 /* Main.storyboard */ = {
			isa = PBXVariantGroup;
			children = (
				20AF8ADA1BB22F4A0046D2B7 /* Base */,
			);
			name = Main.storyboard;
			sourceTree = "<group>";
		};
		20AF8ADE1BB22F4A0046D2B7 /* LaunchScreen.xib */ = {
			isa = PBXVariantGroup;
			children = (
				20AF8ADF1BB22F4A0046D2B7 /* Base */,
			);
			name = LaunchScreen.xib;
			sourceTree = "<group>";
		};
/* End PBXVariantGroup section */

/* Begin XCBuildConfiguration section */
		20AF8AED1BB22F4A0046D2B7 /* Debug */ = {
			isa = XCBuildConfiguration;
			buildSettings = {
				ALWAYS_SEARCH_USER_PATHS = NO;
				CLANG_CXX_LANGUAGE_STANDARD = "gnu++0x";
				CLANG_CXX_LIBRARY = "libc++";
				CLANG_ENABLE_MODULES = YES;
				CLANG_ENABLE_OBJC_ARC = YES;
				CLANG_WARN_BOOL_CONVERSION = YES;
				CLANG_WARN_CONSTANT_CONVERSION = YES;
				CLANG_WARN_DIRECT_OBJC_ISA_USAGE = YES_ERROR;
				CLANG_WARN_EMPTY_BODY = YES;
				CLANG_WARN_ENUM_CONVERSION = YES;
				CLANG_WARN_INT_CONVERSION = YES;
				CLANG_WARN_OBJC_ROOT_CLASS = YES_ERROR;
				CLANG_WARN_UNREACHABLE_CODE = YES;
				CLANG_WARN__DUPLICATE_METHOD_MATCH = YES;
				"CODE_SIGN_IDENTITY[sdk=iphoneos*]" = "iPhone Developer";
				COPY_PHASE_STRIP = NO;
				DEBUG_INFORMATION_FORMAT = "dwarf-with-dsym";
				ENABLE_STRICT_OBJC_MSGSEND = YES;
				GCC_C_LANGUAGE_STANDARD = gnu99;
				GCC_DYNAMIC_NO_PIC = NO;
				GCC_NO_COMMON_BLOCKS = YES;
				GCC_OPTIMIZATION_LEVEL = 0;
				GCC_PREPROCESSOR_DEFINITIONS = (
					"DEBUG=1",
					"$(inherited)",
				);
				GCC_SYMBOLS_PRIVATE_EXTERN = NO;
				GCC_WARN_64_TO_32_BIT_CONVERSION = YES;
				GCC_WARN_ABOUT_RETURN_TYPE = YES_ERROR;
				GCC_WARN_UNDECLARED_SELECTOR = YES;
				GCC_WARN_UNINITIALIZED_AUTOS = YES_AGGRESSIVE;
				GCC_WARN_UNUSED_FUNCTION = YES;
				GCC_WARN_UNUSED_VARIABLE = YES;
				IPHONEOS_DEPLOYMENT_TARGET = 8.4;
				MTL_ENABLE_DEBUG_INFO = YES;
				ONLY_ACTIVE_ARCH = YES;
				SDKROOT = iphoneos;
				TARGETED_DEVICE_FAMILY = "1,2";
			};
			name = Debug;
		};
		20AF8AEE1BB22F4A0046D2B7 /* Release */ = {
			isa = XCBuildConfiguration;
			buildSettings = {
				ALWAYS_SEARCH_USER_PATHS = NO;
				CLANG_CXX_LANGUAGE_STANDARD = "gnu++0x";
				CLANG_CXX_LIBRARY = "libc++";
				CLANG_ENABLE_MODULES = YES;
				CLANG_ENABLE_OBJC_ARC = YES;
				CLANG_WARN_BOOL_CONVERSION = YES;
				CLANG_WARN_CONSTANT_CONVERSION = YES;
				CLANG_WARN_DIRECT_OBJC_ISA_USAGE = YES_ERROR;
				CLANG_WARN_EMPTY_BODY = YES;
				CLANG_WARN_ENUM_CONVERSION = YES;
				CLANG_WARN_INT_CONVERSION = YES;
				CLANG_WARN_OBJC_ROOT_CLASS = YES_ERROR;
				CLANG_WARN_UNREACHABLE_CODE = YES;
				CLANG_WARN__DUPLICATE_METHOD_MATCH = YES;
				"CODE_SIGN_IDENTITY[sdk=iphoneos*]" = "iPhone Developer";
				COPY_PHASE_STRIP = NO;
				DEBUG_INFORMATION_FORMAT = "dwarf-with-dsym";
				ENABLE_NS_ASSERTIONS = NO;
				ENABLE_STRICT_OBJC_MSGSEND = YES;
				GCC_C_LANGUAGE_STANDARD = gnu99;
				GCC_NO_COMMON_BLOCKS = YES;
				GCC_WARN_64_TO_32_BIT_CONVERSION = YES;
				GCC_WARN_ABOUT_RETURN_TYPE = YES_ERROR;
				GCC_WARN_UNDECLARED_SELECTOR = YES;
				GCC_WARN_UNINITIALIZED_AUTOS = YES_AGGRESSIVE;
				GCC_WARN_UNUSED_FUNCTION = YES;
				GCC_WARN_UNUSED_VARIABLE = YES;
				IPHONEOS_DEPLOYMENT_TARGET = 8.4;
				MTL_ENABLE_DEBUG_INFO = NO;
				SDKROOT = iphoneos;
				TARGETED_DEVICE_FAMILY = "1,2";
				VALIDATE_PRODUCT = YES;
			};
			name = Release;
		};
		20AF8AF01BB22F4A0046D2B7 /* Debug */ = {
			isa = XCBuildConfiguration;
			buildSettings = {
				ASSETCATALOG_COMPILER_APPICON_NAME = AppIcon;
				INFOPLIST_FILE = FSImageScaled/Info.plist;
				LD_RUNPATH_SEARCH_PATHS = "$(inherited) @executable_path/Frameworks";
				PRODUCT_NAME = "$(TARGET_NAME)";
			};
			name = Debug;
		};
		20AF8AF11BB22F4A0046D2B7 /* Release */ = {
			isa = XCBuildConfiguration;
			buildSettings = {
				ASSETCATALOG_COMPILER_APPICON_NAME = AppIcon;
				INFOPLIST_FILE = FSImageScaled/Info.plist;
				LD_RUNPATH_SEARCH_PATHS = "$(inherited) @executable_path/Frameworks";
				PRODUCT_NAME = "$(TARGET_NAME)";
			};
			name = Release;
		};
		20AF8AF31BB22F4A0046D2B7 /* Debug */ = {
			isa = XCBuildConfiguration;
			buildSettings = {
				BUNDLE_LOADER = "$(TEST_HOST)";
				FRAMEWORK_SEARCH_PATHS = (
					"$(SDKROOT)/Developer/Library/Frameworks",
					"$(inherited)",
				);
				GCC_PREPROCESSOR_DEFINITIONS = (
					"DEBUG=1",
					"$(inherited)",
				);
				INFOPLIST_FILE = FSImageScaledTests/Info.plist;
				LD_RUNPATH_SEARCH_PATHS = "$(inherited) @executable_path/Frameworks @loader_path/Frameworks";
				PRODUCT_NAME = "$(TARGET_NAME)";
				TEST_HOST = "$(BUILT_PRODUCTS_DIR)/FSImageScaled.app/FSImageScaled";
			};
			name = Debug;
		};
		20AF8AF41BB22F4A0046D2B7 /* Release */ = {
			isa = XCBuildConfiguration;
			buildSettings = {
				BUNDLE_LOADER = "$(TEST_HOST)";
				FRAMEWORK_SEARCH_PATHS = (
					"$(SDKROOT)/Developer/Library/Frameworks",
					"$(inherited)",
				);
				INFOPLIST_FILE = FSImageScaledTests/Info.plist;
				LD_RUNPATH_SEARCH_PATHS = "$(inherited) @executable_path/Frameworks @loader_path/Frameworks";
				PRODUCT_NAME = "$(TARGET_NAME)";
				TEST_HOST = "$(BUILT_PRODUCTS_DIR)/FSImageScaled.app/FSImageScaled";
			};
			name = Release;
		};
/* End XCBuildConfiguration section */

/* Begin XCConfigurationList section */
		20AF8AC71BB22F4A0046D2B7 /* Build configuration list for PBXProject "FSImageScaled" */ = {
			isa = XCConfigurationList;
			buildConfigurations = (
				20AF8AED1BB22F4A0046D2B7 /* Debug */,
				20AF8AEE1BB22F4A0046D2B7 /* Release */,
			);
			defaultConfigurationIsVisible = 0;
			defaultConfigurationName = Release;
		};
		20AF8AEF1BB22F4A0046D2B7 /* Build configuration list for PBXNativeTarget "FSImageScaled" */ = {
			isa = XCConfigurationList;
			buildConfigurations = (
				20AF8AF01BB22F4A0046D2B7 /* Debug */,
				20AF8AF11BB22F4A0046D2B7 /* Release */,
			);
			defaultConfigurationIsVisible = 0;
		};
		20AF8AF21BB22F4A0046D2B7 /* Build configuration list for PBXNativeTarget "FSImageScaledTests" */ = {
			isa = XCConfigurationList;
			buildConfigurations = (
				20AF8AF31BB22F4A0046D2B7 /* Debug */,
				20AF8AF41BB22F4A0046D2B7 /* Release */,
			);
			defaultConfigurationIsVisible = 0;
		};
/* End XCConfigurationList section */
	};
	rootObject = 20AF8AC41BB22F4A0046D2B7 /* Project object */;
}
